
Microsoft Visual Studio Solution File, Format Version 12.00
# Visual Studio 15
VisualStudioVersion = 15.0.28307.852
MinimumVisualStudioVersion = 10.0.40219.1
Project("{FAE04EC0-301F-11D3-BF4B-00C04F79EFBC}") = "Antikes_Schach_GUI", "Antikes_Schach_GUI\Antikes_Schach_GUI.csproj", "{478F2EF4-9670-4547-A65B-C5053CCBE32E}"
EndProject
Project("{FAE04EC0-301F-11D3-BF4B-00C04F79EFBC}") = "Antikes_Schach_ConsoleUI", "Antikes_Schach_ConsoleUI\Antikes_Schach_ConsoleUI.csproj", "{3BB02B71-5C79-4C0F-8698-1BC0011730AF}"
EndProject
Global
	GlobalSection(SolutionConfigurationPlatforms) = preSolution
		Debug|Any CPU = Debug|Any CPU
		Release|Any CPU = Release|Any CPU
	EndGlobalSection
	GlobalSection(ProjectConfigurationPlatforms) = postSolution
		{478F2EF4-9670-4547-A65B-C5053CCBE32E}.Debug|Any CPU.ActiveCfg = Debug|Any CPU
		{478F2EF4-9670-4547-A65B-C5053CCBE32E}.Debug|Any CPU.Build.0 = Debug|Any CPU
		{478F2EF4-9670-4547-A65B-C5053CCBE32E}.Release|Any CPU.ActiveCfg = Release|Any CPU
		{478F2EF4-9670-4547-A65B-C5053CCBE32E}.Release|Any CPU.Build.0 = Release|Any CPU
		{3BB02B71-5C79-4C0F-8698-1BC0011730AF}.Debug|Any CPU.ActiveCfg = Debug|Any CPU
		{3BB02B71-5C79-4C0F-8698-1BC0011730AF}.Debug|Any CPU.Build.0 = Debug|Any CPU
		{3BB02B71-5C79-4C0F-8698-1BC0011730AF}.Release|Any CPU.ActiveCfg = Release|Any CPU
		{3BB02B71-5C79-4C0F-8698-1BC0011730AF}.Release|Any CPU.Build.0 = Release|Any CPU
	EndGlobalSection
	GlobalSection(SolutionProperties) = preSolution
		HideSolutionNode = FALSE
	EndGlobalSection
	GlobalSection(ExtensibilityGlobals) = postSolution
		SolutionGuid = {9504C0D8-7595-41BE-B55B-78F50AB9A135}
	EndGlobalSection
EndGlobal
